{
  "originHash" : "a032b43f49777a5bfe6cda5c491b804dfc97d1b430f51f201786bafc1b88013c",
  "pins" : [
    {
      "identity" : "swiftuiintegratedsheet",
      "kind" : "remoteSourceControl",
      "location" : "https://github.com/Mcrich23/SwiftUIIntegratedSheet",
      "state" : {
        "branch" : "main",
        "revision" : "d0efe160c866bf66f00ccd45cc5c98d1b1c42d70"
      }
    }
  ],
  "version" : 3
}
